# This file was autogenerated by Stack.
# You should not edit this file by hand.
# For more information, please see the documentation at:
#   https://docs.haskellstack.org/en/stable/lock_files

packages:
- completed:
    hackage: discord-haskell-1.17.0@sha256:39ab5b84e0b8a29cca377ccf226ed7b62322840799c3b8ce134ec93e9e2cd6b2,6723
    pantry-tree:
      sha256: 5873b38cb3d58f7a06861ee5506bf6b0c59e8e92d8a35200739fcfe9f5fd6d76
      size: 3915
  original:
    hackage: discord-haskell-1.17.0
snapshots:
- completed:
    sha256: 8e7996960d864443a66eb4105338bbdd6830377b9f6f99cd5527ef73c10c01e7
    size: 719128
    url: https://raw.githubusercontent.com/commercialhaskell/stackage-snapshots/master/lts/22/26.yaml
  original: lts-22.26
